
Microsoft Visual Studio Solution File, Format Version 12.00
# Visual Studio Version 16
VisualStudioVersion = 16.0.30114.105
MinimumVisualStudioVersion = 10.0.40219.1
Project("{FAE04EC0-301F-11D3-BF4B-00C04F79EFBC}") = "AndroidApp", "AndroidApp\AndroidApp.csproj", "{224EE366-8BD1-4B7D-9952-45349E3B85BD}"
EndProject
Project("{FAE04EC0-301F-11D3-BF4B-00C04F79EFBC}") = "AndroidLibrary", "AndroidLibrary\AndroidLibrary.csproj", "{F3317B65-86E2-40AA-9BA1-730BDBBEB909}"
EndProject
Global
	GlobalSection(SolutionConfigurationPlatforms) = preSolution
		Debug|Any CPU = Debug|Any CPU
		Release|Any CPU = Release|Any CPU
	EndGlobalSection
	GlobalSection(SolutionProperties) = preSolution
		HideSolutionNode = FALSE
	EndGlobalSection
	GlobalSection(ProjectConfigurationPlatforms) = postSolution
		{224EE366-8BD1-4B7D-9952-45349E3B85BD}.Debug|Any CPU.ActiveCfg = Debug|Any CPU
		{224EE366-8BD1-4B7D-9952-45349E3B85BD}.Debug|Any CPU.Build.0 = Debug|Any CPU
		{224EE366-8BD1-4B7D-9952-45349E3B85BD}.Release|Any CPU.ActiveCfg = Release|Any CPU
		{224EE366-8BD1-4B7D-9952-45349E3B85BD}.Release|Any CPU.Build.0 = Release|Any CPU
		{F3317B65-86E2-40AA-9BA1-730BDBBEB909}.Debug|Any CPU.ActiveCfg = Debug|Any CPU
		{F3317B65-86E2-40AA-9BA1-730BDBBEB909}.Debug|Any CPU.Build.0 = Debug|Any CPU
		{F3317B65-86E2-40AA-9BA1-730BDBBEB909}.Release|Any CPU.ActiveCfg = Release|Any CPU
		{F3317B65-86E2-40AA-9BA1-730BDBBEB909}.Release|Any CPU.Build.0 = Release|Any CPU
	EndGlobalSection
EndGlobal
